// !$*UTF8*$!
{
	archiveVersion = 1;
	classes = {
	};
	objectVersion = 46;
	objects = {

/* Begin PBXBuildFile section */
		305BE83115BF881500FB0558 /* UIImageView+REUIKitAdditions.m in Sources */ = {isa = PBXBuildFile; fileRef = 305BE82E15BF881500FB0558 /* UIImageView+REUIKitAdditions.m */; };
		305BE83215BF881500FB0558 /* UIView+REUIKitAdditions.m in Sources */ = {isa = PBXBuildFile; fileRef = 305BE83015BF881500FB0558 /* UIView+REUIKitAdditions.m */; };
		305BE83415BF882200FB0558 /* image@2x.jpg in Resources */ = {isa = PBXBuildFile; fileRef = 305BE83315BF882200FB0558 /* image@2x.jpg */; };
		30A9D60415BF823E00167A6C /* UIKit.framework in Frameworks */ = {isa = PBXBuildFile; fileRef = 30A9D60315BF823E00167A6C /* UIKit.framework */; };
		30A9D60615BF823E00167A6C /* Foundation.framework in Frameworks */ = {isa = PBXBuildFile; fileRef = 30A9D60515BF823E00167A6C /* Foundation.framework */; };
		30A9D60815BF823E00167A6C /* CoreGraphics.framework in Frameworks */ = {isa = PBXBuildFile; fileRef = 30A9D60715BF823E00167A6C /* CoreGraphics.framework */; };
		30A9D60E15BF823E00167A6C /* InfoPlist.strings in Resources */ = {isa = PBXBuildFile; fileRef = 30A9D60C15BF823E00167A6C /* InfoPlist.strings */; };
		30A9D61015BF823E00167A6C /* main.m in Sources */ = {isa = PBXBuildFile; fileRef = 30A9D60F15BF823E00167A6C /* main.m */; };
		30A9D61415BF823E00167A6C /* AppDelegate.m in Sources */ = {isa = PBXBuildFile; fileRef = 30A9D61315BF823E00167A6C /* AppDelegate.m */; };
		30A9D61615BF823E00167A6C /* REUIKitAdditionsExample.entitlements in Resources */ = {isa = PBXBuildFile; fileRef = 30A9D61515BF823E00167A6C /* REUIKitAdditionsExample.entitlements */; };
		30CF861A15C712DA009C6C41 /* UIColor+REUIKitAdditions.m in Sources */ = {isa = PBXBuildFile; fileRef = 30CF861915C712DA009C6C41 /* UIColor+REUIKitAdditions.m */; };
/* End PBXBuildFile section */

/* Begin PBXFileReference section */
		305BE82C15BF881500FB0558 /* REUIKitAdditions.h */ = {isa = PBXFileReference; fileEncoding = 4; lastKnownFileType = sourcecode.c.h; path = REUIKitAdditions.h; sourceTree = "<group>"; };
		305BE82D15BF881500FB0558 /* UIImageView+REUIKitAdditions.h */ = {isa = PBXFileReference; fileEncoding = 4; lastKnownFileType = sourcecode.c.h; path = "UIImageView+REUIKitAdditions.h"; sourceTree = "<group>"; };
		305BE82E15BF881500FB0558 /* UIImageView+REUIKitAdditions.m */ = {isa = PBXFileReference; fileEncoding = 4; lastKnownFileType = sourcecode.c.objc; path = "UIImageView+REUIKitAdditions.m"; sourceTree = "<group>"; };
		305BE82F15BF881500FB0558 /* UIView+REUIKitAdditions.h */ = {isa = PBXFileReference; fileEncoding = 4; lastKnownFileType = sourcecode.c.h; path = "UIView+REUIKitAdditions.h"; sourceTree = "<group>"; };
		305BE83015BF881500FB0558 /* UIView+REUIKitAdditions.m */ = {isa = PBXFileReference; fileEncoding = 4; lastKnownFileType = sourcecode.c.objc; path = "UIView+REUIKitAdditions.m"; sourceTree = "<group>"; };
		305BE83315BF882200FB0558 /* image@2x.jpg */ = {isa = PBXFileReference; lastKnownFileType = image.jpeg; path = "image@2x.jpg"; sourceTree = "<group>"; };
		30A9D5FF15BF823E00167A6C /* REUIKitAdditionsExample.app */ = {isa = PBXFileReference; explicitFileType = wrapper.application; includeInIndex = 0; path = REUIKitAdditionsExample.app; sourceTree = BUILT_PRODUCTS_DIR; };
		30A9D60315BF823E00167A6C /* UIKit.framework */ = {isa = PBXFileReference; lastKnownFileType = wrapper.framework; name = UIKit.framework; path = System/Library/Frameworks/UIKit.framework; sourceTree = SDKROOT; };
		30A9D60515BF823E00167A6C /* Foundation.framework */ = {isa = PBXFileReference; lastKnownFileType = wrapper.framework; name = Foundation.framework; path = System/Library/Frameworks/Foundation.framework; sourceTree = SDKROOT; };
		30A9D60715BF823E00167A6C /* CoreGraphics.framework */ = {isa = PBXFileReference; lastKnownFileType = wrapper.framework; name = CoreGraphics.framework; path = System/Library/Frameworks/CoreGraphics.framework; sourceTree = SDKROOT; };
		30A9D60B15BF823E00167A6C /* REUIKitAdditionsExample-Info.plist */ = {isa = PBXFileReference; lastKnownFileType = text.plist.xml; path = "REUIKitAdditionsExample-Info.plist"; sourceTree = "<group>"; };
		30A9D60D15BF823E00167A6C /* en */ = {isa = PBXFileReference; lastKnownFileType = text.plist.strings; name = en; path = en.lproj/InfoPlist.strings; sourceTree = "<group>"; };
		30A9D60F15BF823E00167A6C /* main.m */ = {isa = PBXFileReference; lastKnownFileType = sourcecode.c.objc; path = main.m; sourceTree = "<group>"; };
		30A9D61115BF823E00167A6C /* REUIKitAdditionsExample-Prefix.pch */ = {isa = PBXFileReference; lastKnownFileType = sourcecode.c.h; path = "REUIKitAdditionsExample-Prefix.pch"; sourceTree = "<group>"; };
		30A9D61215BF823E00167A6C /* AppDelegate.h */ = {isa = PBXFileReference; lastKnownFileType = sourcecode.c.h; path = AppDelegate.h; sourceTree = "<group>"; };
		30A9D61315BF823E00167A6C /* AppDelegate.m */ = {isa = PBXFileReference; lastKnownFileType = sourcecode.c.objc; path = AppDelegate.m; sourceTree = "<group>"; };
		30A9D61515BF823E00167A6C /* REUIKitAdditionsExample.entitlements */ = {isa = PBXFileReference; lastKnownFileType = text.xml; path = REUIKitAdditionsExample.entitlements; sourceTree = "<group>"; };
		30CF861615C711C9009C6C41 /* Macros.h */ = {isa = PBXFileReference; lastKnownFileType = sourcecode.c.h; path = Macros.h; sourceTree = "<group>"; };
		30CF861815C712DA009C6C41 /* UIColor+REUIKitAdditions.h */ = {isa = PBXFileReference; fileEncoding = 4; lastKnownFileType = sourcecode.c.h; path = "UIColor+REUIKitAdditions.h"; sourceTree = "<group>"; };
		30CF861915C712DA009C6C41 /* UIColor+REUIKitAdditions.m */ = {isa = PBXFileReference; fileEncoding = 4; lastKnownFileType = sourcecode.c.objc; path = "UIColor+REUIKitAdditions.m"; sourceTree = "<group>"; };
/* End PBXFileReference section */

/* Begin PBXFrameworksBuildPhase section */
		30A9D5FC15BF823E00167A6C /* Frameworks */ = {
			isa = PBXFrameworksBuildPhase;
			buildActionMask = 2147483647;
			files = (
				30A9D60415BF823E00167A6C /* UIKit.framework in Frameworks */,
				30A9D60615BF823E00167A6C /* Foundation.framework in Frameworks */,
				30A9D60815BF823E00167A6C /* CoreGraphics.framework in Frameworks */,
			);
			runOnlyForDeploymentPostprocessing = 0;
		};
/* End PBXFrameworksBuildPhase section */

/* Begin PBXGroup section */
		305BE82B15BF881500FB0558 /* REUIKitAdditions */ = {
			isa = PBXGroup;
			children = (
				305BE82C15BF881500FB0558 /* REUIKitAdditions.h */,
				30CF861615C711C9009C6C41 /* Macros.h */,
				305BE82D15BF881500FB0558 /* UIImageView+REUIKitAdditions.h */,
				305BE82E15BF881500FB0558 /* UIImageView+REUIKitAdditions.m */,
				305BE82F15BF881500FB0558 /* UIView+REUIKitAdditions.h */,
				305BE83015BF881500FB0558 /* UIView+REUIKitAdditions.m */,
				30CF861815C712DA009C6C41 /* UIColor+REUIKitAdditions.h */,
				30CF861915C712DA009C6C41 /* UIColor+REUIKitAdditions.m */,
			);
			path = REUIKitAdditions;
			sourceTree = "<group>";
		};
		30A9D5F415BF823E00167A6C = {
			isa = PBXGroup;
			children = (
				305BE82B15BF881500FB0558 /* REUIKitAdditions */,
				30A9D60915BF823E00167A6C /* REUIKitAdditionsExample */,
				30A9D60215BF823E00167A6C /* Frameworks */,
				30A9D60015BF823E00167A6C /* Products */,
			);
			sourceTree = "<group>";
		};
		30A9D60015BF823E00167A6C /* Products */ = {
			isa = PBXGroup;
			children = (
				30A9D5FF15BF823E00167A6C /* REUIKitAdditionsExample.app */,
			);
			name = Products;
			sourceTree = "<group>";
		};
		30A9D60215BF823E00167A6C /* Frameworks */ = {
			isa = PBXGroup;
			children = (
				30A9D60315BF823E00167A6C /* UIKit.framework */,
				30A9D60515BF823E00167A6C /* Foundation.framework */,
				30A9D60715BF823E00167A6C /* CoreGraphics.framework */,
			);
			name = Frameworks;
			sourceTree = "<group>";
		};
		30A9D60915BF823E00167A6C /* REUIKitAdditionsExample */ = {
			isa = PBXGroup;
			children = (
				30A9D61215BF823E00167A6C /* AppDelegate.h */,
				30A9D61315BF823E00167A6C /* AppDelegate.m */,
				30A9D60A15BF823E00167A6C /* Supporting Files */,
			);
			path = REUIKitAdditionsExample;
			sourceTree = "<group>";
		};
		30A9D60A15BF823E00167A6C /* Supporting Files */ = {
			isa = PBXGroup;
			children = (
				305BE83315BF882200FB0558 /* image@2x.jpg */,
				30A9D60B15BF823E00167A6C /* REUIKitAdditionsExample-Info.plist */,
				30A9D60C15BF823E00167A6C /* InfoPlist.strings */,
				30A9D60F15BF823E00167A6C /* main.m */,
				30A9D61115BF823E00167A6C /* REUIKitAdditionsExample-Prefix.pch */,
				30A9D61515BF823E00167A6C /* REUIKitAdditionsExample.entitlements */,
			);
			name = "Supporting Files";
			sourceTree = "<group>";
		};
/* End PBXGroup section */

/* Begin PBXNativeTarget section */
		30A9D5FE15BF823E00167A6C /* REUIKitAdditionsExample */ = {
			isa = PBXNativeTarget;
			buildConfigurationList = 30A9D61915BF823E00167A6C /* Build configuration list for PBXNativeTarget "REUIKitAdditionsExample" */;
			buildPhases = (
				30A9D5FB15BF823E00167A6C /* Sources */,
				30A9D5FC15BF823E00167A6C /* Frameworks */,
				30A9D5FD15BF823E00167A6C /* Resources */,
			);
			buildRules = (
			);
			dependencies = (
			);
			name = REUIKitAdditionsExample;
			productName = REUIKitAdditionsExample;
			productReference = 30A9D5FF15BF823E00167A6C /* REUIKitAdditionsExample.app */;
			productType = "com.apple.product-type.application";
		};
/* End PBXNativeTarget section */

/* Begin PBXProject section */
		30A9D5F615BF823E00167A6C /* Project object */ = {
			isa = PBXProject;
			attributes = {
				LastUpgradeCheck = 0440;
				ORGANIZATIONNAME = "Roman Efimov";
			};
			buildConfigurationList = 30A9D5F915BF823E00167A6C /* Build configuration list for PBXProject "REUIKitAdditionsExample" */;
			compatibilityVersion = "Xcode 3.2";
			developmentRegion = English;
			hasScannedForEncodings = 0;
			knownRegions = (
				en,
			);
			mainGroup = 30A9D5F415BF823E00167A6C;
			productRefGroup = 30A9D60015BF823E00167A6C /* Products */;
			projectDirPath = "";
			projectRoot = "";
			targets = (
				30A9D5FE15BF823E00167A6C /* REUIKitAdditionsExample */,
			);
		};
/* End PBXProject section */

/* Begin PBXResourcesBuildPhase section */
		30A9D5FD15BF823E00167A6C /* Resources */ = {
			isa = PBXResourcesBuildPhase;
			buildActionMask = 2147483647;
			files = (
				30A9D60E15BF823E00167A6C /* InfoPlist.strings in Resources */,
				30A9D61615BF823E00167A6C /* REUIKitAdditionsExample.entitlements in Resources */,
				305BE83415BF882200FB0558 /* image@2x.jpg in Resources */,
			);
			runOnlyForDeploymentPostprocessing = 0;
		};
/* End PBXResourcesBuildPhase section */

/* Begin PBXSourcesBuildPhase section */
		30A9D5FB15BF823E00167A6C /* Sources */ = {
			isa = PBXSourcesBuildPhase;
			buildActionMask = 2147483647;
			files = (
				30A9D61015BF823E00167A6C /* main.m in Sources */,
				30A9D61415BF823E00167A6C /* AppDelegate.m in Sources */,
				305BE83115BF881500FB0558 /* UIImageView+REUIKitAdditions.m in Sources */,
				305BE83215BF881500FB0558 /* UIView+REUIKitAdditions.m in Sources */,
				30CF861A15C712DA009C6C41 /* UIColor+REUIKitAdditions.m in Sources */,
			);
			runOnlyForDeploymentPostprocessing = 0;
		};
/* End PBXSourcesBuildPhase section */

/* Begin PBXVariantGroup section */
		30A9D60C15BF823E00167A6C /* InfoPlist.strings */ = {
			isa = PBXVariantGroup;
			children = (
				30A9D60D15BF823E00167A6C /* en */,
			);
			name = InfoPlist.strings;
			sourceTree = "<group>";
		};
/* End PBXVariantGroup section */

/* Begin XCBuildConfiguration section */
		30A9D61715BF823E00167A6C /* Debug */ = {
			isa = XCBuildConfiguration;
			buildSettings = {
				ALWAYS_SEARCH_USER_PATHS = NO;
				ARCHS = "$(ARCHS_STANDARD_32_BIT)";
				CLANG_CXX_LANGUAGE_STANDARD = "gnu++0x";
				CLANG_ENABLE_OBJC_ARC = YES;
				CLANG_WARN__DUPLICATE_METHOD_MATCH = YES;
				"CODE_SIGN_IDENTITY[sdk=iphoneos*]" = "iPhone Developer";
				COPY_PHASE_STRIP = NO;
				GCC_C_LANGUAGE_STANDARD = gnu99;
				GCC_DYNAMIC_NO_PIC = NO;
				GCC_OPTIMIZATION_LEVEL = 0;
				GCC_PREPROCESSOR_DEFINITIONS = (
					"DEBUG=1",
					"$(inherited)",
				);
				GCC_SYMBOLS_PRIVATE_EXTERN = NO;
				GCC_VERSION = com.apple.compilers.llvm.clang.1_0;
				GCC_WARN_ABOUT_RETURN_TYPE = YES;
				GCC_WARN_UNINITIALIZED_AUTOS = YES;
				GCC_WARN_UNUSED_VARIABLE = YES;
				IPHONEOS_DEPLOYMENT_TARGET = 5.1;
				SDKROOT = iphoneos;
			};
			name = Debug;
		};
		30A9D61815BF823E00167A6C /* Release */ = {
			isa = XCBuildConfiguration;
			buildSettings = {
				ALWAYS_SEARCH_USER_PATHS = NO;
				ARCHS = "$(ARCHS_STANDARD_32_BIT)";
				CLANG_CXX_LANGUAGE_STANDARD = "gnu++0x";
				CLANG_ENABLE_OBJC_ARC = YES;
				CLANG_WARN__DUPLICATE_METHOD_MATCH = YES;
				"CODE_SIGN_IDENTITY[sdk=iphoneos*]" = "iPhone Developer";
				COPY_PHASE_STRIP = YES;
				GCC_C_LANGUAGE_STANDARD = gnu99;
				GCC_VERSION = com.apple.compilers.llvm.clang.1_0;
				GCC_WARN_ABOUT_RETURN_TYPE = YES;
				GCC_WARN_UNINITIALIZED_AUTOS = YES;
				GCC_WARN_UNUSED_VARIABLE = YES;
				IPHONEOS_DEPLOYMENT_TARGET = 5.1;
				OTHER_CFLAGS = "-DNS_BLOCK_ASSERTIONS=1";
				SDKROOT = iphoneos;
				VALIDATE_PRODUCT = YES;
			};
			name = Release;
		};
		30A9D61A15BF823E00167A6C /* Debug */ = {
			isa = XCBuildConfiguration;
			buildSettings = {
				CODE_SIGN_ENTITLEMENTS = REUIKitAdditionsExample/REUIKitAdditionsExample.entitlements;
				GCC_PRECOMPILE_PREFIX_HEADER = YES;
				GCC_PREFIX_HEADER = "REUIKitAdditionsExample/REUIKitAdditionsExample-Prefix.pch";
				INFOPLIST_FILE = "REUIKitAdditionsExample/REUIKitAdditionsExample-Info.plist";
				PRODUCT_NAME = "$(TARGET_NAME)";
				WRAPPER_EXTENSION = app;
			};
			name = Debug;
		};
		30A9D61B15BF823E00167A6C /* Release */ = {
			isa = XCBuildConfiguration;
			buildSettings = {
				CODE_SIGN_ENTITLEMENTS = REUIKitAdditionsExample/REUIKitAdditionsExample.entitlements;
				GCC_PRECOMPILE_PREFIX_HEADER = YES;
				GCC_PREFIX_HEADER = "REUIKitAdditionsExample/REUIKitAdditionsExample-Prefix.pch";
				INFOPLIST_FILE = "REUIKitAdditionsExample/REUIKitAdditionsExample-Info.plist";
				PRODUCT_NAME = "$(TARGET_NAME)";
				WRAPPER_EXTENSION = app;
			};
			name = Release;
		};
/* End XCBuildConfiguration section */

/* Begin XCConfigurationList section */
		30A9D5F915BF823E00167A6C /* Build configuration list for PBXProject "REUIKitAdditionsExample" */ = {
			isa = XCConfigurationList;
			buildConfigurations = (
				30A9D61715BF823E00167A6C /* Debug */,
				30A9D61815BF823E00167A6C /* Release */,
			);
			defaultConfigurationIsVisible = 0;
			defaultConfigurationName = Release;
		};
		30A9D61915BF823E00167A6C /* Build configuration list for PBXNativeTarget "REUIKitAdditionsExample" */ = {
			isa = XCConfigurationList;
			buildConfigurations = (
				30A9D61A15BF823E00167A6C /* Debug */,
				30A9D61B15BF823E00167A6C /* Release */,
			);
			defaultConfigurationIsVisible = 0;
			defaultConfigurationName = Release;
		};
/* End XCConfigurationList section */
	};
	rootObject = 30A9D5F615BF823E00167A6C /* Project object */;
}
